
Microsoft Visual Studio Solution File, Format Version 12.00
# Visual Studio Version 16
VisualStudioVersion = 16.0.31729.503
MinimumVisualStudioVersion = 10.0.40219.1
Project("{FAE04EC0-301F-11D3-BF4B-00C04F79EFBC}") = "koneksi", "koneksi\koneksi.csproj", "{45AF62CA-F313-4727-9580-B31CC66BDDE5}"
EndProject
Global
	GlobalSection(SolutionConfigurationPlatforms) = preSolution
		Debug|Any CPU = Debug|Any CPU
		Release|Any CPU = Release|Any CPU
	EndGlobalSection
	GlobalSection(ProjectConfigurationPlatforms) = postSolution
		{45AF62CA-F313-4727-9580-B31CC66BDDE5}.Debug|Any CPU.ActiveCfg = Debug|Any CPU
		{45AF62CA-F313-4727-9580-B31CC66BDDE5}.Debug|Any CPU.Build.0 = Debug|Any CPU
		{45AF62CA-F313-4727-9580-B31CC66BDDE5}.Release|Any CPU.ActiveCfg = Release|Any CPU
		{45AF62CA-F313-4727-9580-B31CC66BDDE5}.Release|Any CPU.Build.0 = Release|Any CPU
	EndGlobalSection
	GlobalSection(SolutionProperties) = preSolution
		HideSolutionNode = FALSE
	EndGlobalSection
	GlobalSection(ExtensibilityGlobals) = postSolution
		SolutionGuid = {A441C34F-9A43-41D6-BE76-B76CEE66740A}
	EndGlobalSection
EndGlobal
